
Microsoft Visual Studio Solution File, Format Version 12.00
# Visual Studio Version 16
VisualStudioVersion = 16.0.30611.23
MinimumVisualStudioVersion = 10.0.40219.1
Project("{9A19103F-16F7-4668-BE54-9A1E7A4F7556}") = "n2e.CommandLineInterpreter", "n2e.CommandLineInterpreter\n2e.CommandLineInterpreter.csproj", "{DCEF9A43-891A-4C02-803D-F7B0537B3929}"
EndProject
Project("{2150E333-8FDC-42A3-9474-1A3956D46DE8}") = "_SolutionFiles", "_SolutionFiles", "{0531DC21-4EED-450F-94B7-AFC701B2E5ED}"
	ProjectSection(SolutionItems) = preProject
		Licence.md = Licence.md
		LICENSE = LICENSE
	EndProjectSection
EndProject
Project("{9A19103F-16F7-4668-BE54-9A1E7A4F7556}") = "n2e.CommandLineInterpreter.UnitTests", "n2e.CommandLineInterpreter.UnitTests\n2e.CommandLineInterpreter.UnitTests.csproj", "{FBDDBC3F-7A08-4B90-9567-0ABE6DA3E3BE}"
EndProject
Global
	GlobalSection(SolutionConfigurationPlatforms) = preSolution
		Debug|Any CPU = Debug|Any CPU
		Release|Any CPU = Release|Any CPU
	EndGlobalSection
	GlobalSection(ProjectConfigurationPlatforms) = postSolution
		{DCEF9A43-891A-4C02-803D-F7B0537B3929}.Debug|Any CPU.ActiveCfg = Debug|Any CPU
		{DCEF9A43-891A-4C02-803D-F7B0537B3929}.Debug|Any CPU.Build.0 = Debug|Any CPU
		{DCEF9A43-891A-4C02-803D-F7B0537B3929}.Release|Any CPU.ActiveCfg = Release|Any CPU
		{DCEF9A43-891A-4C02-803D-F7B0537B3929}.Release|Any CPU.Build.0 = Release|Any CPU
		{FBDDBC3F-7A08-4B90-9567-0ABE6DA3E3BE}.Debug|Any CPU.ActiveCfg = Debug|Any CPU
		{FBDDBC3F-7A08-4B90-9567-0ABE6DA3E3BE}.Debug|Any CPU.Build.0 = Debug|Any CPU
		{FBDDBC3F-7A08-4B90-9567-0ABE6DA3E3BE}.Release|Any CPU.ActiveCfg = Release|Any CPU
		{FBDDBC3F-7A08-4B90-9567-0ABE6DA3E3BE}.Release|Any CPU.Build.0 = Release|Any CPU
	EndGlobalSection
	GlobalSection(SolutionProperties) = preSolution
		HideSolutionNode = FALSE
	EndGlobalSection
	GlobalSection(ExtensibilityGlobals) = postSolution
		SolutionGuid = {3B8B3E6B-31CD-48A5-88A6-5AB737C99963}
	EndGlobalSection
EndGlobal
